Microsoft Visual Studio Solution File, Format Version 7.00
Project("{8BC9CEB8-8B4A-11D0-8D11-00A0C91BC942}") = "TestWWhiz", "TestWWhiz.vcproj", "{E798AB52-7DCF-497F-AC02-7A917E95349C}"
EndProject
Global
	GlobalSection(SourceCodeControl) = preSolution
		SccNumberOfProjects = 1
		SccProjectUniqueName0 = TestWWhiz.vcproj
		SccProjectName0 = \u0022$/WorkspaceWhiz/Src/Samples/TestWWhiz\u0022,\u0020CDBAAAAA
		SccLocalPath0 = .
		SccProvider0 = MSSCCI:BitKeeper
	EndGlobalSection
	GlobalSection(SolutionConfiguration) = preSolution
		ConfigName.0 = Debug
		ConfigName.1 = Release
	EndGlobalSection
	GlobalSection(ProjectDependencies) = postSolution
	EndGlobalSection
	GlobalSection(ProjectConfiguration) = postSolution
		{E798AB52-7DCF-497F-AC02-7A917E95349C}.Debug.ActiveCfg = Debug|Win32
		{E798AB52-7DCF-497F-AC02-7A917E95349C}.Debug.Build.0 = Debug|Win32
		{E798AB52-7DCF-497F-AC02-7A917E95349C}.Release.ActiveCfg = Release|Win32
		{E798AB52-7DCF-497F-AC02-7A917E95349C}.Release.Build.0 = Release|Win32
	EndGlobalSection
	GlobalSection(ExtensibilityGlobals) = postSolution
	EndGlobalSection
	GlobalSection(ExtensibilityAddIns) = postSolution
	EndGlobalSection
EndGlobal
