Microsoft Visual Studio Solution File, Format Version 10.00
# Visual Studio 2008
Project("{8BC9CEB8-8B4A-11D0-8D11-00A0C91BC942}") = "WorkspaceWhiz", "WorkspaceWhiz\WorkspaceWhiz.vcproj", "{4C0121D7-16F7-41E1-AEF1-C044693AFF30}"
EndProject
Project("{8BC9CEB8-8B4A-11D0-8D11-00A0C91BC942}") = "WWhizInterface", "WWhizInterface\WWhizInterface.vcproj", "{A27857C3-DBEF-46BE-858A-04AB2647DFAB}"
EndProject
Project("{8BC9CEB8-8B4A-11D0-8D11-00A0C91BC942}") = "WWhizReg", "WWhizReg\WWhizReg.vcproj", "{481E84E4-DD61-4717-9CFF-5C2B0080908C}"
EndProject
Project("{8BC9CEB8-8B4A-11D0-8D11-00A0C91BC942}") = "WWhizTemplateManager", "WWhizTemplateManager\WWhizTemplateManager.vcproj", "{174C90C8-4985-4293-BA15-FA183C4E0B4C}"
EndProject
Project("{8BC9CEB8-8B4A-11D0-8D11-00A0C91BC942}") = "WWhizTemplates", "WWhizTemplates\WWhizTemplates.vcproj", "{FE71A19A-5A42-4ED6-A4E1-40DE7265D707}"
EndProject
Project("{8BC9CEB8-8B4A-11D0-8D11-00A0C91BC942}") = "WWhizResources", "WWhizResources\WWhizResources.vcproj", "{85DC8592-0424-4F24-9D73-B2C6D6BD4AD9}"
EndProject
Global
	GlobalSection(SolutionConfigurationPlatforms) = preSolution
		Debug|Win32 = Debug|Win32
		Release|Win32 = Release|Win32
	EndGlobalSection
	GlobalSection(ProjectConfigurationPlatforms) = postSolution
		{4C0121D7-16F7-41E1-AEF1-C044693AFF30}.Debug|Win32.ActiveCfg = Debug|Win32
		{4C0121D7-16F7-41E1-AEF1-C044693AFF30}.Debug|Win32.Build.0 = Debug|Win32
		{4C0121D7-16F7-41E1-AEF1-C044693AFF30}.Release|Win32.ActiveCfg = Release|Win32
		{4C0121D7-16F7-41E1-AEF1-C044693AFF30}.Release|Win32.Build.0 = Release|Win32
		{A27857C3-DBEF-46BE-858A-04AB2647DFAB}.Debug|Win32.ActiveCfg = Debug|Win32
		{A27857C3-DBEF-46BE-858A-04AB2647DFAB}.Debug|Win32.Build.0 = Debug|Win32
		{A27857C3-DBEF-46BE-858A-04AB2647DFAB}.Release|Win32.ActiveCfg = Release|Win32
		{A27857C3-DBEF-46BE-858A-04AB2647DFAB}.Release|Win32.Build.0 = Release|Win32
		{481E84E4-DD61-4717-9CFF-5C2B0080908C}.Debug|Win32.ActiveCfg = Debug|Win32
		{481E84E4-DD61-4717-9CFF-5C2B0080908C}.Debug|Win32.Build.0 = Debug|Win32
		{481E84E4-DD61-4717-9CFF-5C2B0080908C}.Release|Win32.ActiveCfg = Release|Win32
		{481E84E4-DD61-4717-9CFF-5C2B0080908C}.Release|Win32.Build.0 = Release|Win32
		{174C90C8-4985-4293-BA15-FA183C4E0B4C}.Debug|Win32.ActiveCfg = Debug|Win32
		{174C90C8-4985-4293-BA15-FA183C4E0B4C}.Debug|Win32.Build.0 = Debug|Win32
		{174C90C8-4985-4293-BA15-FA183C4E0B4C}.Release|Win32.ActiveCfg = Release|Win32
		{174C90C8-4985-4293-BA15-FA183C4E0B4C}.Release|Win32.Build.0 = Release|Win32
		{FE71A19A-5A42-4ED6-A4E1-40DE7265D707}.Debug|Win32.ActiveCfg = Debug|Win32
		{FE71A19A-5A42-4ED6-A4E1-40DE7265D707}.Debug|Win32.Build.0 = Debug|Win32
		{FE71A19A-5A42-4ED6-A4E1-40DE7265D707}.Release|Win32.ActiveCfg = Release|Win32
		{FE71A19A-5A42-4ED6-A4E1-40DE7265D707}.Release|Win32.Build.0 = Release|Win32
		{85DC8592-0424-4F24-9D73-B2C6D6BD4AD9}.Debug|Win32.ActiveCfg = Release|Win32
		{85DC8592-0424-4F24-9D73-B2C6D6BD4AD9}.Debug|Win32.Build.0 = Release|Win32
		{85DC8592-0424-4F24-9D73-B2C6D6BD4AD9}.Release|Win32.ActiveCfg = Release|Win32
		{85DC8592-0424-4F24-9D73-B2C6D6BD4AD9}.Release|Win32.Build.0 = Release|Win32
	EndGlobalSection
	GlobalSection(SolutionProperties) = preSolution
		HideSolutionNode = FALSE
	EndGlobalSection
EndGlobal
